// !$*UTF8*$!
{
	archiveVersion = 1;
	classes = {
	};
	objectVersion = 50;
	objects = {

/* Begin PBXBuildFile section */
		5307C88F246AE01C007F8052 /* AppDelegate.swift in Sources */ = {isa = PBXBuildFile; fileRef = 5307C88E246AE01C007F8052 /* AppDelegate.swift */; };
		5307C891246AE01C007F8052 /* SceneDelegate.swift in Sources */ = {isa = PBXBuildFile; fileRef = 5307C890246AE01C007F8052 /* SceneDelegate.swift */; };
		5307C893246AE01C007F8052 /* ViewController.swift in Sources */ = {isa = PBXBuildFile; fileRef = 5307C892246AE01C007F8052 /* ViewController.swift */; };
		5307C896246AE01C007F8052 /* Main.storyboard in Resources */ = {isa = PBXBuildFile; fileRef = 5307C894246AE01C007F8052 /* Main.storyboard */; };
		5307C898246AE01F007F8052 /* Assets.xcassets in Resources */ = {isa = PBXBuildFile; fileRef = 5307C897246AE01F007F8052 /* Assets.xcassets */; };
		5307C89B246AE01F007F8052 /* LaunchScreen.storyboard in Resources */ = {isa = PBXBuildFile; fileRef = 5307C899246AE01F007F8052 /* LaunchScreen.storyboard */; };
		5307C8A6246AE01F007F8052 /* PhotoMasterTests.swift in Sources */ = {isa = PBXBuildFile; fileRef = 5307C8A5246AE01F007F8052 /* PhotoMasterTests.swift */; };
		5307C8B1246AE01F007F8052 /* PhotoMasterUITests.swift in Sources */ = {isa = PBXBuildFile; fileRef = 5307C8B0246AE01F007F8052 /* PhotoMasterUITests.swift */; };
/* End PBXBuildFile section */

/* Begin PBXContainerItemProxy section */
		5307C8A2246AE01F007F8052 /* PBXContainerItemProxy */ = {
			isa = PBXContainerItemProxy;
			containerPortal = 5307C883246AE01C007F8052 /* Project object */;
			proxyType = 1;
			remoteGlobalIDString = 5307C88A246AE01C007F8052;
			remoteInfo = PhotoMaster;
		};
		5307C8AD246AE01F007F8052 /* PBXContainerItemProxy */ = {
			isa = PBXContainerItemProxy;
			containerPortal = 5307C883246AE01C007F8052 /* Project object */;
			proxyType = 1;
			remoteGlobalIDString = 5307C88A246AE01C007F8052;
			remoteInfo = PhotoMaster;
		};
/* End PBXContainerItemProxy section */

/* Begin PBXFileReference section */
		5307C88B246AE01C007F8052 /* PhotoMaster.app */ = {isa = PBXFileReference; explicitFileType = wrapper.application; includeInIndex = 0; path = PhotoMaster.app; sourceTree = BUILT_PRODUCTS_DIR; };
		5307C88E246AE01C007F8052 /* AppDelegate.swift */ = {isa = PBXFileReference; lastKnownFileType = sourcecode.swift; path = AppDelegate.swift; sourceTree = "<group>"; };
		5307C890246AE01C007F8052 /* SceneDelegate.swift */ = {isa = PBXFileReference; lastKnownFileType = sourcecode.swift; path = SceneDelegate.swift; sourceTree = "<group>"; };
		5307C892246AE01C007F8052 /* ViewController.swift */ = {isa = PBXFileReference; lastKnownFileType = sourcecode.swift; path = ViewController.swift; sourceTree = "<group>"; };
		5307C895246AE01C007F8052 /* Base */ = {isa = PBXFileReference; lastKnownFileType = file.storyboard; name = Base; path = Base.lproj/Main.storyboard; sourceTree = "<group>"; };
		5307C897246AE01F007F8052 /* Assets.xcassets */ = {isa = PBXFileReference; lastKnownFileType = folder.assetcatalog; path = Assets.xcassets; sourceTree = "<group>"; };
		5307C89A246AE01F007F8052 /* Base */ = {isa = PBXFileReference; lastKnownFileType = file.storyboard; name = Base; path = Base.lproj/LaunchScreen.storyboard; sourceTree = "<group>"; };
		5307C89C246AE01F007F8052 /* Info.plist */ = {isa = PBXFileReference; lastKnownFileType = text.plist.xml; path = Info.plist; sourceTree = "<group>"; };
		5307C8A1246AE01F007F8052 /* PhotoMasterTests.xctest */ = {isa = PBXFileReference; explicitFileType = wrapper.cfbundle; includeInIndex = 0; path = PhotoMasterTests.xctest; sourceTree = BUILT_PRODUCTS_DIR; };
		5307C8A5246AE01F007F8052 /* PhotoMasterTests.swift */ = {isa = PBXFileReference; lastKnownFileType = sourcecode.swift; path = PhotoMasterTests.swift; sourceTree = "<group>"; };
		5307C8A7246AE01F007F8052 /* Info.plist */ = {isa = PBXFileReference; lastKnownFileType = text.plist.xml; path = Info.plist; sourceTree = "<group>"; };
		5307C8AC246AE01F007F8052 /* PhotoMasterUITests.xctest */ = {isa = PBXFileReference; explicitFileType = wrapper.cfbundle; includeInIndex = 0; path = PhotoMasterUITests.xctest; sourceTree = BUILT_PRODUCTS_DIR; };
		5307C8B0246AE01F007F8052 /* PhotoMasterUITests.swift */ = {isa = PBXFileReference; lastKnownFileType = sourcecode.swift; path = PhotoMasterUITests.swift; sourceTree = "<group>"; };
		5307C8B2246AE01F007F8052 /* Info.plist */ = {isa = PBXFileReference; lastKnownFileType = text.plist.xml; path = Info.plist; sourceTree = "<group>"; };
/* End PBXFileReference section */

/* Begin PBXFrameworksBuildPhase section */
		5307C888246AE01C007F8052 /* Frameworks */ = {
			isa = PBXFrameworksBuildPhase;
			buildActionMask = 2147483647;
			files = (
			);
			runOnlyForDeploymentPostprocessing = 0;
		};
		5307C89E246AE01F007F8052 /* Frameworks */ = {
			isa = PBXFrameworksBuildPhase;
			buildActionMask = 2147483647;
			files = (
			);
			runOnlyForDeploymentPostprocessing = 0;
		};
		5307C8A9246AE01F007F8052 /* Frameworks */ = {
			isa = PBXFrameworksBuildPhase;
			buildActionMask = 2147483647;
			files = (
			);
			runOnlyForDeploymentPostprocessing = 0;
		};
/* End PBXFrameworksBuildPhase section */

/* Begin PBXGroup section */
		5307C882246AE01C007F8052 = {
			isa = PBXGroup;
			children = (
				5307C88D246AE01C007F8052 /* PhotoMaster */,
				5307C8A4246AE01F007F8052 /* PhotoMasterTests */,
				5307C8AF246AE01F007F8052 /* PhotoMasterUITests */,
				5307C88C246AE01C007F8052 /* Products */,
			);
			sourceTree = "<group>";
		};
		5307C88C246AE01C007F8052 /* Products */ = {
			isa = PBXGroup;
			children = (
				5307C88B246AE01C007F8052 /* PhotoMaster.app */,
				5307C8A1246AE01F007F8052 /* PhotoMasterTests.xctest */,
				5307C8AC246AE01F007F8052 /* PhotoMasterUITests.xctest */,
			);
			name = Products;
			sourceTree = "<group>";
		};
		5307C88D246AE01C007F8052 /* PhotoMaster */ = {
			isa = PBXGroup;
			children = (
				5307C88E246AE01C007F8052 /* AppDelegate.swift */,
				5307C890246AE01C007F8052 /* SceneDelegate.swift */,
				5307C892246AE01C007F8052 /* ViewController.swift */,
				5307C894246AE01C007F8052 /* Main.storyboard */,
				5307C897246AE01F007F8052 /* Assets.xcassets */,
				5307C899246AE01F007F8052 /* LaunchScreen.storyboard */,
				5307C89C246AE01F007F8052 /* Info.plist */,
			);
			path = PhotoMaster;
			sourceTree = "<group>";
		};
		5307C8A4246AE01F007F8052 /* PhotoMasterTests */ = {
			isa = PBXGroup;
			children = (
				5307C8A5246AE01F007F8052 /* PhotoMasterTests.swift */,
				5307C8A7246AE01F007F8052 /* Info.plist */,
			);
			path = PhotoMasterTests;
			sourceTree = "<group>";
		};
		5307C8AF246AE01F007F8052 /* PhotoMasterUITests */ = {
			isa = PBXGroup;
			children = (
				5307C8B0246AE01F007F8052 /* PhotoMasterUITests.swift */,
				5307C8B2246AE01F007F8052 /* Info.plist */,
			);
			path = PhotoMasterUITests;
			sourceTree = "<group>";
		};
/* End PBXGroup section */

/* Begin PBXNativeTarget section */
		5307C88A246AE01C007F8052 /* PhotoMaster */ = {
			isa = PBXNativeTarget;
			buildConfigurationList = 5307C8B5246AE01F007F8052 /* Build configuration list for PBXNativeTarget "PhotoMaster" */;
			buildPhases = (
				5307C887246AE01C007F8052 /* Sources */,
				5307C888246AE01C007F8052 /* Frameworks */,
				5307C889246AE01C007F8052 /* Resources */,
			);
			buildRules = (
			);
			dependencies = (
			);
			name = PhotoMaster;
			productName = PhotoMaster;
			productReference = 5307C88B246AE01C007F8052 /* PhotoMaster.app */;
			productType = "com.apple.product-type.application";
		};
		5307C8A0246AE01F007F8052 /* PhotoMasterTests */ = {
			isa = PBXNativeTarget;
			buildConfigurationList = 5307C8B8246AE01F007F8052 /* Build configuration list for PBXNativeTarget "PhotoMasterTests" */;
			buildPhases = (
				5307C89D246AE01F007F8052 /* Sources */,
				5307C89E246AE01F007F8052 /* Frameworks */,
				5307C89F246AE01F007F8052 /* Resources */,
			);
			buildRules = (
			);
			dependencies = (
				5307C8A3246AE01F007F8052 /* PBXTargetDependency */,
			);
			name = PhotoMasterTests;
			productName = PhotoMasterTests;
			productReference = 5307C8A1246AE01F007F8052 /* PhotoMasterTests.xctest */;
			productType = "com.apple.product-type.bundle.unit-test";
		};
		5307C8AB246AE01F007F8052 /* PhotoMasterUITests */ = {
			isa = PBXNativeTarget;
			buildConfigurationList = 5307C8BB246AE01F007F8052 /* Build configuration list for PBXNativeTarget "PhotoMasterUITests" */;
			buildPhases = (
				5307C8A8246AE01F007F8052 /* Sources */,
				5307C8A9246AE01F007F8052 /* Frameworks */,
				5307C8AA246AE01F007F8052 /* Resources */,
			);
			buildRules = (
			);
			dependencies = (
				5307C8AE246AE01F007F8052 /* PBXTargetDependency */,
			);
			name = PhotoMasterUITests;
			productName = PhotoMasterUITests;
			productReference = 5307C8AC246AE01F007F8052 /* PhotoMasterUITests.xctest */;
			productType = "com.apple.product-type.bundle.ui-testing";
		};
/* End PBXNativeTarget section */

/* Begin PBXProject section */
		5307C883246AE01C007F8052 /* Project object */ = {
			isa = PBXProject;
			attributes = {
				LastSwiftUpdateCheck = 1140;
				LastUpgradeCheck = 1140;
				ORGANIZATIONNAME = osuke;
				TargetAttributes = {
					5307C88A246AE01C007F8052 = {
						CreatedOnToolsVersion = 11.4.1;
					};
					5307C8A0246AE01F007F8052 = {
						CreatedOnToolsVersion = 11.4.1;
						TestTargetID = 5307C88A246AE01C007F8052;
					};
					5307C8AB246AE01F007F8052 = {
						CreatedOnToolsVersion = 11.4.1;
						TestTargetID = 5307C88A246AE01C007F8052;
					};
				};
			};
			buildConfigurationList = 5307C886246AE01C007F8052 /* Build configuration list for PBXProject "PhotoMaster" */;
			compatibilityVersion = "Xcode 9.3";
			developmentRegion = en;
			hasScannedForEncodings = 0;
			knownRegions = (
				en,
				Base,
			);
			mainGroup = 5307C882246AE01C007F8052;
			productRefGroup = 5307C88C246AE01C007F8052 /* Products */;
			projectDirPath = "";
			projectRoot = "";
			targets = (
				5307C88A246AE01C007F8052 /* PhotoMaster */,
				5307C8A0246AE01F007F8052 /* PhotoMasterTests */,
				5307C8AB246AE01F007F8052 /* PhotoMasterUITests */,
			);
		};
/* End PBXProject section */

/* Begin PBXResourcesBuildPhase section */
		5307C889246AE01C007F8052 /* Resources */ = {
			isa = PBXResourcesBuildPhase;
			buildActionMask = 2147483647;
			files = (
				5307C89B246AE01F007F8052 /* LaunchScreen.storyboard in Resources */,
				5307C898246AE01F007F8052 /* Assets.xcassets in Resources */,
				5307C896246AE01C007F8052 /* Main.storyboard in Resources */,
			);
			runOnlyForDeploymentPostprocessing = 0;
		};
		5307C89F246AE01F007F8052 /* Resources */ = {
			isa = PBXResourcesBuildPhase;
			buildActionMask = 2147483647;
			files = (
			);
			runOnlyForDeploymentPostprocessing = 0;
		};
		5307C8AA246AE01F007F8052 /* Resources */ = {
			isa = PBXResourcesBuildPhase;
			buildActionMask = 2147483647;
			files = (
			);
			runOnlyForDeploymentPostprocessing = 0;
		};
/* End PBXResourcesBuildPhase section */

/* Begin PBXSourcesBuildPhase section */
		5307C887246AE01C007F8052 /* Sources */ = {
			isa = PBXSourcesBuildPhase;
			buildActionMask = 2147483647;
			files = (
				5307C893246AE01C007F8052 /* ViewController.swift in Sources */,
				5307C88F246AE01C007F8052 /* AppDelegate.swift in Sources */,
				5307C891246AE01C007F8052 /* SceneDelegate.swift in Sources */,
			);
			runOnlyForDeploymentPostprocessing = 0;
		};
		5307C89D246AE01F007F8052 /* Sources */ = {
			isa = PBXSourcesBuildPhase;
			buildActionMask = 2147483647;
			files = (
				5307C8A6246AE01F007F8052 /* PhotoMasterTests.swift in Sources */,
			);
			runOnlyForDeploymentPostprocessing = 0;
		};
		5307C8A8246AE01F007F8052 /* Sources */ = {
			isa = PBXSourcesBuildPhase;
			buildActionMask = 2147483647;
			files = (
				5307C8B1246AE01F007F8052 /* PhotoMasterUITests.swift in Sources */,
			);
			runOnlyForDeploymentPostprocessing = 0;
		};
/* End PBXSourcesBuildPhase section */

/* Begin PBXTargetDependency section */
		5307C8A3246AE01F007F8052 /* PBXTargetDependency */ = {
			isa = PBXTargetDependency;
			target = 5307C88A246AE01C007F8052 /* PhotoMaster */;
			targetProxy = 5307C8A2246AE01F007F8052 /* PBXContainerItemProxy */;
		};
		5307C8AE246AE01F007F8052 /* PBXTargetDependency */ = {
			isa = PBXTargetDependency;
			target = 5307C88A246AE01C007F8052 /* PhotoMaster */;
			targetProxy = 5307C8AD246AE01F007F8052 /* PBXContainerItemProxy */;
		};
/* End PBXTargetDependency section */

/* Begin PBXVariantGroup section */
		5307C894246AE01C007F8052 /* Main.storyboard */ = {
			isa = PBXVariantGroup;
			children = (
				5307C895246AE01C007F8052 /* Base */,
			);
			name = Main.storyboard;
			sourceTree = "<group>";
		};
		5307C899246AE01F007F8052 /* LaunchScreen.storyboard */ = {
			isa = PBXVariantGroup;
			children = (
				5307C89A246AE01F007F8052 /* Base */,
			);
			name = LaunchScreen.storyboard;
			sourceTree = "<group>";
		};
/* End PBXVariantGroup section */

/* Begin XCBuildConfiguration section */
		5307C8B3246AE01F007F8052 /* Debug */ = {
			isa = XCBuildConfiguration;
			buildSettings = {
				ALWAYS_SEARCH_USER_PATHS = NO;
				CLANG_ANALYZER_NONNULL = YES;
				CLANG_ANALYZER_NUMBER_OBJECT_CONVERSION = YES_AGGRESSIVE;
				CLANG_CXX_LANGUAGE_STANDARD = "gnu++14";
				CLANG_CXX_LIBRARY = "libc++";
				CLANG_ENABLE_MODULES = YES;
				CLANG_ENABLE_OBJC_ARC = YES;
				CLANG_ENABLE_OBJC_WEAK = YES;
				CLANG_WARN_BLOCK_CAPTURE_AUTORELEASING = YES;
				CLANG_WARN_BOOL_CONVERSION = YES;
				CLANG_WARN_COMMA = YES;
				CLANG_WARN_CONSTANT_CONVERSION = YES;
				CLANG_WARN_DEPRECATED_OBJC_IMPLEMENTATIONS = YES;
				CLANG_WARN_DIRECT_OBJC_ISA_USAGE = YES_ERROR;
				CLANG_WARN_DOCUMENTATION_COMMENTS = YES;
				CLANG_WARN_EMPTY_BODY = YES;
				CLANG_WARN_ENUM_CONVERSION = YES;
				CLANG_WARN_INFINITE_RECURSION = YES;
				CLANG_WARN_INT_CONVERSION = YES;
				CLANG_WARN_NON_LITERAL_NULL_CONVERSION = YES;
				CLANG_WARN_OBJC_IMPLICIT_RETAIN_SELF = YES;
				CLANG_WARN_OBJC_LITERAL_CONVERSION = YES;
				CLANG_WARN_OBJC_ROOT_CLASS = YES_ERROR;
				CLANG_WARN_RANGE_LOOP_ANALYSIS = YES;
				CLANG_WARN_STRICT_PROTOTYPES = YES;
				CLANG_WARN_SUSPICIOUS_MOVE = YES;
				CLANG_WARN_UNGUARDED_AVAILABILITY = YES_AGGRESSIVE;
				CLANG_WARN_UNREACHABLE_CODE = YES;
				CLANG_WARN__DUPLICATE_METHOD_MATCH = YES;
				COPY_PHASE_STRIP = NO;
				DEBUG_INFORMATION_FORMAT = dwarf;
				ENABLE_STRICT_OBJC_MSGSEND = YES;
				ENABLE_TESTABILITY = YES;
				GCC_C_LANGUAGE_STANDARD = gnu11;
				GCC_DYNAMIC_NO_PIC = NO;
				GCC_NO_COMMON_BLOCKS = YES;
				GCC_OPTIMIZATION_LEVEL = 0;
				GCC_PREPROCESSOR_DEFINITIONS = (
					"DEBUG=1",
					"$(inherited)",
				);
				GCC_WARN_64_TO_32_BIT_CONVERSION = YES;
				GCC_WARN_ABOUT_RETURN_TYPE = YES_ERROR;
				GCC_WARN_UNDECLARED_SELECTOR = YES;
				GCC_WARN_UNINITIALIZED_AUTOS = YES_AGGRESSIVE;
				GCC_WARN_UNUSED_FUNCTION = YES;
				GCC_WARN_UNUSED_VARIABLE = YES;
				IPHONEOS_DEPLOYMENT_TARGET = 13.4;
				MTL_ENABLE_DEBUG_INFO = INCLUDE_SOURCE;
				MTL_FAST_MATH = YES;
				ONLY_ACTIVE_ARCH = YES;
				SDKROOT = iphoneos;
				SWIFT_ACTIVE_COMPILATION_CONDITIONS = DEBUG;
				SWIFT_OPTIMIZATION_LEVEL = "-Onone";
			};
			name = Debug;
		};
		5307C8B4246AE01F007F8052 /* Release */ = {
			isa = XCBuildConfiguration;
			buildSettings = {
				ALWAYS_SEARCH_USER_PATHS = NO;
				CLANG_ANALYZER_NONNULL = YES;
				CLANG_ANALYZER_NUMBER_OBJECT_CONVERSION = YES_AGGRESSIVE;
				CLANG_CXX_LANGUAGE_STANDARD = "gnu++14";
				CLANG_CXX_LIBRARY = "libc++";
				CLANG_ENABLE_MODULES = YES;
				CLANG_ENABLE_OBJC_ARC = YES;
				CLANG_ENABLE_OBJC_WEAK = YES;
				CLANG_WARN_BLOCK_CAPTURE_AUTORELEASING = YES;
				CLANG_WARN_BOOL_CONVERSION = YES;
				CLANG_WARN_COMMA = YES;
				CLANG_WARN_CONSTANT_CONVERSION = YES;
				CLANG_WARN_DEPRECATED_OBJC_IMPLEMENTATIONS = YES;
				CLANG_WARN_DIRECT_OBJC_ISA_USAGE = YES_ERROR;
				CLANG_WARN_DOCUMENTATION_COMMENTS = YES;
				CLANG_WARN_EMPTY_BODY = YES;
				CLANG_WARN_ENUM_CONVERSION = YES;
				CLANG_WARN_INFINITE_RECURSION = YES;
				CLANG_WARN_INT_CONVERSION = YES;
				CLANG_WARN_NON_LITERAL_NULL_CONVERSION = YES;
				CLANG_WARN_OBJC_IMPLICIT_RETAIN_SELF = YES;
				CLANG_WARN_OBJC_LITERAL_CONVERSION = YES;
				CLANG_WARN_OBJC_ROOT_CLASS = YES_ERROR;
				CLANG_WARN_RANGE_LOOP_ANALYSIS = YES;
				CLANG_WARN_STRICT_PROTOTYPES = YES;
				CLANG_WARN_SUSPICIOUS_MOVE = YES;
				CLANG_WARN_UNGUARDED_AVAILABILITY = YES_AGGRESSIVE;
				CLANG_WARN_UNREACHABLE_CODE = YES;
				CLANG_WARN__DUPLICATE_METHOD_MATCH = YES;
				COPY_PHASE_STRIP = NO;
				DEBUG_INFORMATION_FORMAT = "dwarf-with-dsym";
				ENABLE_NS_ASSERTIONS = NO;
				ENABLE_STRICT_OBJC_MSGSEND = YES;
				GCC_C_LANGUAGE_STANDARD = gnu11;
				GCC_NO_COMMON_BLOCKS = YES;
				GCC_WARN_64_TO_32_BIT_CONVERSION = YES;
				GCC_WARN_ABOUT_RETURN_TYPE = YES_ERROR;
				GCC_WARN_UNDECLARED_SELECTOR = YES;
				GCC_WARN_UNINITIALIZED_AUTOS = YES_AGGRESSIVE;
				GCC_WARN_UNUSED_FUNCTION = YES;
				GCC_WARN_UNUSED_VARIABLE = YES;
				IPHONEOS_DEPLOYMENT_TARGET = 13.4;
				MTL_ENABLE_DEBUG_INFO = NO;
				MTL_FAST_MATH = YES;
				SDKROOT = iphoneos;
				SWIFT_COMPILATION_MODE = wholemodule;
				SWIFT_OPTIMIZATION_LEVEL = "-O";
				VALIDATE_PRODUCT = YES;
			};
			name = Release;
		};
		5307C8B6246AE01F007F8052 /* Debug */ = {
			isa = XCBuildConfiguration;
			buildSettings = {
				ASSETCATALOG_COMPILER_APPICON_NAME = AppIcon;
				CODE_SIGN_STYLE = Automatic;
				INFOPLIST_FILE = PhotoMaster/Info.plist;
				LD_RUNPATH_SEARCH_PATHS = (
					"$(inherited)",
					"@executable_path/Frameworks",
				);
				PRODUCT_BUNDLE_IDENTIFIER = PhotoMaster.osuke.PhotoMaster;
				PRODUCT_NAME = "$(TARGET_NAME)";
				SWIFT_VERSION = 5.0;
				TARGETED_DEVICE_FAMILY = "1,2";
			};
			name = Debug;
		};
		5307C8B7246AE01F007F8052 /* Release */ = {
			isa = XCBuildConfiguration;
			buildSettings = {
				ASSETCATALOG_COMPILER_APPICON_NAME = AppIcon;
				CODE_SIGN_STYLE = Automatic;
				INFOPLIST_FILE = PhotoMaster/Info.plist;
				LD_RUNPATH_SEARCH_PATHS = (
					"$(inherited)",
					"@executable_path/Frameworks",
				);
				PRODUCT_BUNDLE_IDENTIFIER = PhotoMaster.osuke.PhotoMaster;
				PRODUCT_NAME = "$(TARGET_NAME)";
				SWIFT_VERSION = 5.0;
				TARGETED_DEVICE_FAMILY = "1,2";
			};
			name = Release;
		};
		5307C8B9246AE01F007F8052 /* Debug */ = {
			isa = XCBuildConfiguration;
			buildSettings = {
				ALWAYS_EMBED_SWIFT_STANDARD_LIBRARIES = YES;
				BUNDLE_LOADER = "$(TEST_HOST)";
				CODE_SIGN_STYLE = Automatic;
				INFOPLIST_FILE = PhotoMasterTests/Info.plist;
				IPHONEOS_DEPLOYMENT_TARGET = 13.4;
				LD_RUNPATH_SEARCH_PATHS = (
					"$(inherited)",
					"@executable_path/Frameworks",
					"@loader_path/Frameworks",
				);
				PRODUCT_BUNDLE_IDENTIFIER = PhotoMaster.osuke.PhotoMasterTests;
				PRODUCT_NAME = "$(TARGET_NAME)";
				SWIFT_VERSION = 5.0;
				TARGETED_DEVICE_FAMILY = "1,2";
				TEST_HOST = "$(BUILT_PRODUCTS_DIR)/PhotoMaster.app/PhotoMaster";
			};
			name = Debug;
		};
		5307C8BA246AE01F007F8052 /* Release */ = {
			isa = XCBuildConfiguration;
			buildSettings = {
				ALWAYS_EMBED_SWIFT_STANDARD_LIBRARIES = YES;
				BUNDLE_LOADER = "$(TEST_HOST)";
				CODE_SIGN_STYLE = Automatic;
				INFOPLIST_FILE = PhotoMasterTests/Info.plist;
				IPHONEOS_DEPLOYMENT_TARGET = 13.4;
				LD_RUNPATH_SEARCH_PATHS = (
					"$(inherited)",
					"@executable_path/Frameworks",
					"@loader_path/Frameworks",
				);
				PRODUCT_BUNDLE_IDENTIFIER = PhotoMaster.osuke.PhotoMasterTests;
				PRODUCT_NAME = "$(TARGET_NAME)";
				SWIFT_VERSION = 5.0;
				TARGETED_DEVICE_FAMILY = "1,2";
				TEST_HOST = "$(BUILT_PRODUCTS_DIR)/PhotoMaster.app/PhotoMaster";
			};
			name = Release;
		};
		5307C8BC246AE01F007F8052 /* Debug */ = {
			isa = XCBuildConfiguration;
			buildSettings = {
				ALWAYS_EMBED_SWIFT_STANDARD_LIBRARIES = YES;
				CODE_SIGN_STYLE = Automatic;
				INFOPLIST_FILE = PhotoMasterUITests/Info.plist;
				LD_RUNPATH_SEARCH_PATHS = (
					"$(inherited)",
					"@executable_path/Frameworks",
					"@loader_path/Frameworks",
				);
				PRODUCT_BUNDLE_IDENTIFIER = PhotoMaster.osuke.PhotoMasterUITests;
				PRODUCT_NAME = "$(TARGET_NAME)";
				SWIFT_VERSION = 5.0;
				TARGETED_DEVICE_FAMILY = "1,2";
				TEST_TARGET_NAME = PhotoMaster;
			};
			name = Debug;
		};
		5307C8BD246AE01F007F8052 /* Release */ = {
			isa = XCBuildConfiguration;
			buildSettings = {
				ALWAYS_EMBED_SWIFT_STANDARD_LIBRARIES = YES;
				CODE_SIGN_STYLE = Automatic;
				INFOPLIST_FILE = PhotoMasterUITests/Info.plist;
				LD_RUNPATH_SEARCH_PATHS = (
					"$(inherited)",
					"@executable_path/Frameworks",
					"@loader_path/Frameworks",
				);
				PRODUCT_BUNDLE_IDENTIFIER = PhotoMaster.osuke.PhotoMasterUITests;
				PRODUCT_NAME = "$(TARGET_NAME)";
				SWIFT_VERSION = 5.0;
				TARGETED_DEVICE_FAMILY = "1,2";
				TEST_TARGET_NAME = PhotoMaster;
			};
			name = Release;
		};
/* End XCBuildConfiguration section */

/* Begin XCConfigurationList section */
		5307C886246AE01C007F8052 /* Build configuration list for PBXProject "PhotoMaster" */ = {
			isa = XCConfigurationList;
			buildConfigurations = (
				5307C8B3246AE01F007F8052 /* Debug */,
				5307C8B4246AE01F007F8052 /* Release */,
			);
			defaultConfigurationIsVisible = 0;
			defaultConfigurationName = Release;
		};
		5307C8B5246AE01F007F8052 /* Build configuration list for PBXNativeTarget "PhotoMaster" */ = {
			isa = XCConfigurationList;
			buildConfigurations = (
				5307C8B6246AE01F007F8052 /* Debug */,
				5307C8B7246AE01F007F8052 /* Release */,
			);
			defaultConfigurationIsVisible = 0;
			defaultConfigurationName = Release;
		};
		5307C8B8246AE01F007F8052 /* Build configuration list for PBXNativeTarget "PhotoMasterTests" */ = {
			isa = XCConfigurationList;
			buildConfigurations = (
				5307C8B9246AE01F007F8052 /* Debug */,
				5307C8BA246AE01F007F8052 /* Release */,
			);
			defaultConfigurationIsVisible = 0;
			defaultConfigurationName = Release;
		};
		5307C8BB246AE01F007F8052 /* Build configuration list for PBXNativeTarget "PhotoMasterUITests" */ = {
			isa = XCConfigurationList;
			buildConfigurations = (
				5307C8BC246AE01F007F8052 /* Debug */,
				5307C8BD246AE01F007F8052 /* Release */,
			);
			defaultConfigurationIsVisible = 0;
			defaultConfigurationName = Release;
		};
/* End XCConfigurationList section */
	};
	rootObject = 5307C883246AE01C007F8052 /* Project object */;
}
